
Microsoft Visual Studio Solution File, Format Version 12.00
# Visual Studio Version 16
VisualStudioVersion = 16.0.29519.87
MinimumVisualStudioVersion = 10.0.40219.1
Project("{9A19103F-16F7-4668-BE54-9A1E7A4F7556}") = "PersistenceCacheStack", "PersistenceCacheStack\PersistenceCacheStack.csproj", "{FEFC5C9B-16D2-48F8-89A3-BAD6A431478F}"
EndProject
Project("{FAE04EC0-301F-11D3-BF4B-00C04F79EFBC}") = "PersistenceCacheStack.Test", "PersistenceCacheStack.Test\PersistenceCacheStack.Test.csproj", "{DBEC9B0C-2A29-4733-BDFC-CC8B032556E1}"
EndProject
Global
	GlobalSection(SolutionConfigurationPlatforms) = preSolution
		Debug|Any CPU = Debug|Any CPU
		Release|Any CPU = Release|Any CPU
	EndGlobalSection
	GlobalSection(ProjectConfigurationPlatforms) = postSolution
		{FEFC5C9B-16D2-48F8-89A3-BAD6A431478F}.Debug|Any CPU.ActiveCfg = Debug|Any CPU
		{FEFC5C9B-16D2-48F8-89A3-BAD6A431478F}.Debug|Any CPU.Build.0 = Debug|Any CPU
		{FEFC5C9B-16D2-48F8-89A3-BAD6A431478F}.Release|Any CPU.ActiveCfg = Release|Any CPU
		{FEFC5C9B-16D2-48F8-89A3-BAD6A431478F}.Release|Any CPU.Build.0 = Release|Any CPU
		{DBEC9B0C-2A29-4733-BDFC-CC8B032556E1}.Debug|Any CPU.ActiveCfg = Debug|Any CPU
		{DBEC9B0C-2A29-4733-BDFC-CC8B032556E1}.Debug|Any CPU.Build.0 = Debug|Any CPU
		{DBEC9B0C-2A29-4733-BDFC-CC8B032556E1}.Release|Any CPU.ActiveCfg = Release|Any CPU
		{DBEC9B0C-2A29-4733-BDFC-CC8B032556E1}.Release|Any CPU.Build.0 = Release|Any CPU
	EndGlobalSection
	GlobalSection(SolutionProperties) = preSolution
		HideSolutionNode = FALSE
	EndGlobalSection
	GlobalSection(ExtensibilityGlobals) = postSolution
		SolutionGuid = {057415B5-1F4A-446E-BF5F-4B2E2613BD79}
	EndGlobalSection
EndGlobal
